github.com/buger/goterm v1.0.0 h1:ZB6uUlY8+sjJyFGzz2WpRqX2XYPeXVgtZAOJMwOsTWM=
github.com/buger/goterm v1.0.0/go.mod h1:16STi3LquiscTIHA8SXUNKEa/Cnu4ZHBH8NsCaWgso0=
github.com/clbanning/mxj/v2 v2.5.5 h1:oT81vUeEiQQ/DcHbzSytRngP6Ky9O+L+0Bw0zSJag9E=
github.com/clbanning/mxj/v2 v2.5.5/go.mod h1:hNiWqW14h+kc+MdF9C6/YoRfjEJoR3ou6tn/Qo+ve2s=
github.com/gopherjs/gopherjs v0.0.0-20181017120253-0766667cb4d1/go.mod h1:wJfORRmW1u3UXTncJ5qlYoELFm8eSnnEO6hX4iZ3EWY=
github.com/iann0036/goproxy v0.0.0-20210327130343-c3ec674b9022 h1:CEm/EWm32SV+k85dmgF8KDXMeN5zsgplaz07utBYIsk=
github.com/iann0036/goproxy v0.0.0-20210327130343-c3ec674b9022/go.mod h1:amSgpNkX5MQL0glEHvPGg0UKbKOhBVem3kNHGhlINS4=
github.com/iann0036/goproxy/ext v0.0.0-20210327125723-db8542d80343 h1:oaTtJCbhCLSueJFpPwaxWZDKBBBkTv6+y5lprHPGFWs=
github.com/iann0036/goproxy/ext v0.0.0-20210327125723-db8542d80343/go.mod h1:3SmG3m42N72tivanmYJdY5joEWn5/bEzgawDLBA7T6g=
github.com/iann0036/iamlive/iamlivecore v0.0.0-20210425041633-1e948ef7ce75 h1:31loBaXfRjUJ9fbpm6xPTijQY4mCbXAFOZJ4UCgPg1w=
github.com/iann0036/iamlive/iamlivecore v0.0.0-20210425041633-1e948ef7ce75/go.mod h1:pZJ42GJWLdmdhHnqW3AIUE+miXEmEwJJWwF2vPMLs1g=
github.com/jtolds/gls v4.20.0+incompatible/go.mod h1:QJZ7F/aHp+rZTRtaJ1ow/lLfFfVYBRgL+9YlvaHOwJU=
github.com/kenshaw/baseconv v0.1.1 h1:oAu/C7ipUT2PqT9DT0mZDGDg4URIglizZMjPv9oCu0E=
github.com/kenshaw/baseconv v0.1.1/go.mod h1:yy9zGmnnR6vgOxOQb702nVdAG30JhyYZpj/5/m0siRI=
github.com/mitchellh/go-homedir v1.1.0 h1:lukF9ziXFxDFPkA1vsr5zpc1XuPDn/wFntq5mG+4E0Y=
github.com/mitchellh/go-homedir v1.1.0/go.mod h1:SfyaCUpYCn1Vlf4IUYiD9fPX4A5wJrkLzIz1N1q0pr0=
github.com/rogpeppe/go-charset v0.0.0-20180617210344-2471d30d28b4/go.mod h1:qgYeAmZ5ZIpBWTGllZSQnw97Dj+woV0toclVaRGI8pc=
github.com/smartystreets/assertions v0.0.0-20180927180507-b2de0cb4f26d/go.mod h1:OnSkiWE9lh6wB0YB77sQom3nweQdgAjqCqsofrRNTgc=
github.com/smartystreets/goconvey v1.6.4/go.mod h1:syvi0/a8iFYH4r/RixwvyeAJjdLS9QV7WQ/tjFTllLA=
golang.org/x/crypto v0.0.0-20190308221718-c2843e01d9a2/go.mod h1:djNgcEr1/C05ACkg1iLfiJU5Ep61QUkGW8qpdssI0+w=
golang.org/x/net v0.0.0-20190311183353-d8887717615a/go.mod h1:t9HGtf8HONx5eT2rtn7q6eTqICYqUVnKs3thJo3Qplg=
golang.org/x/sys v0.0.0-20190215142949-d0b11bdaac8a/go.mod h1:STP8DvDyc/dI5b8T5hshtkjS+E42TnysNCUPdjciGhY=
golang.org/x/sys v0.0.0-20210331175145-43e1dd70ce54 h1:rF3Ohx8DRyl8h2zw9qojyLHLhrJpEMgyPOImREEryf0=
golang.org/x/sys v0.0.0-20210331175145-43e1dd70ce54/go.mod h1:h1NjWce9XRLGQEsW7wpKNCjG9DtNlClVuFLEZdDNbEs=
golang.org/x/text v0.3.0/go.mod h1:NqM8EUOU14njkJ3fqMW+pc6Ldnwhi/IjpwHt7yyuwOQ=
golang.org/x/tools v0.0.0-20190328211700-ab21143f2384/go.mod h1:LCzVGOaR6xXOjkQ3onu1FJEFr0SW1gC7cKk1uF8kGRs=
gopkg.in/ini.v1 v1.62.0 h1:duBzk771uxoUuOlyRLkHsygud9+5lrlGjdFBb4mSKDU=
gopkg.in/ini.v1 v1.62.0/go.mod h1:pNLf8WUiyNEtQjuu5G5vTm06TEv9tsIgeAvK8hOrP4k=
